
Microsoft Visual Studio Solution File, Format Version 12.00
# Visual Studio Version 17
VisualStudioVersion = 17.11.35327.3
MinimumVisualStudioVersion = 10.0.40219.1
Project("{FAE04EC0-301F-11D3-BF4B-00C04F79EFBC}") = "ConsoleApp1", "ConsoleApp1\ConsoleApp1.csproj", "{E35AF82B-832B-43C9-8798-2C15E7429E63}"
EndProject
Global
	GlobalSection(SolutionConfigurationPlatforms) = preSolution
		Debug|Any CPU = Debug|Any CPU
		Release|Any CPU = Release|Any CPU
	EndGlobalSection
	GlobalSection(ProjectConfigurationPlatforms) = postSolution
		{E35AF82B-832B-43C9-8798-2C15E7429E63}.Debug|Any CPU.ActiveCfg = Debug|Any CPU
		{E35AF82B-832B-43C9-8798-2C15E7429E63}.Debug|Any CPU.Build.0 = Debug|Any CPU
		{E35AF82B-832B-43C9-8798-2C15E7429E63}.Release|Any CPU.ActiveCfg = Release|Any CPU
		{E35AF82B-832B-43C9-8798-2C15E7429E63}.Release|Any CPU.Build.0 = Release|Any CPU
	EndGlobalSection
	GlobalSection(SolutionProperties) = preSolution
		HideSolutionNode = FALSE
	EndGlobalSection
	GlobalSection(ExtensibilityGlobals) = postSolution
		SolutionGuid = {4CC0A88D-51EB-410A-8A12-2108111519D0}
	EndGlobalSection
EndGlobal
